// !$*UTF8*$!
{
	archiveVersion = 1;
	classes = {
	};
	objectVersion = 63;
	objects = {

/* Begin PBXBuildFile section */
		001070A9F97F1AC1BF29B52D /* pre-receive.sample in Resources */ = {isa = PBXBuildFile; fileRef = 2019CFB8CA3ED555F9E621DB /* pre-receive.sample */; };
		02E18342DB74B15A130476B8 /* Theme.swift in Sources */ = {isa = PBXBuildFile; fileRef = F6C355B56C3E88C5CF3D59C4 /* Theme.swift */; };
		09F1B71D1F30AB34C36F2C2A /* MainTabView.swift in Sources */ = {isa = PBXBuildFile; fileRef = 094D2427133CB7D2EA1DEBEA /* MainTabView.swift */; };
		141A0A54D7CF26FBFA7FFB12 /* NFTCardView.swift in Sources */ = {isa = PBXBuildFile; fileRef = B50057E8E7F544FDD5863635 /* NFTCardView.swift */; };
		15526B41770CA1DD13828129 /* pre-push.sample in Resources */ = {isa = PBXBuildFile; fileRef = B86012609B058C2804AC1A1C /* pre-push.sample */; };
		1BCE6858CC1BCE2A8D5DE14C /* Models.swift in Sources */ = {isa = PBXBuildFile; fileRef = 55D7BB2C42A05A483EB6F591 /* Models.swift */; };
		2DF57C41FAEF1C51FBFA5371 /* post-update.sample in Resources */ = {isa = PBXBuildFile; fileRef = B616BB09438CF646DDB8AB14 /* post-update.sample */; };
		3780D6EBC787963A1890DC80 /* NFTViewModel.swift in Sources */ = {isa = PBXBuildFile; fileRef = 765C0BF6EC5C4F0C6B572089 /* NFTViewModel.swift */; };
		40C3DD8FEEC870F21C68D7AE /* AssetRowView.swift in Sources */ = {isa = PBXBuildFile; fileRef = C37787ECA64B53180693E9A8 /* AssetRowView.swift */; };
		418414A96E24BC70187C609F /* cursor_metadata.pb in Resources */ = {isa = PBXBuildFile; fileRef = D45B17EA13684376E0C63B6D /* cursor_metadata.pb */; };
		546299DC2C30335A5D1E6D4C /* DashboardView.swift in Sources */ = {isa = PBXBuildFile; fileRef = 9106E7F80BAE98D7EF438597 /* DashboardView.swift */; };
		546E7A1C6D18E14F8BDF52EE /* pre-applypatch.sample in Resources */ = {isa = PBXBuildFile; fileRef = 9DE80299A2D4B2236F452817 /* pre-applypatch.sample */; };
		55236A7EF46BDDF9874E5B27 /* DashboardViewModel.swift in Sources */ = {isa = PBXBuildFile; fileRef = 9354BD972E3C6464A304D796 /* DashboardViewModel.swift */; };
		69C601261620FF317D3FF702 /* BuyView.swift in Sources */ = {isa = PBXBuildFile; fileRef = 1DC9CA8D6B64364F872C4EBA /* BuyView.swift */; };
		6AE033487D4717A19A81F34B /* pack-c2125b7d5721b86026aac9404e3df120e03b3517.pack in Resources */ = {isa = PBXBuildFile; fileRef = 839ADF2EDF686CEEBCD36F0A /* pack-c2125b7d5721b86026aac9404e3df120e03b3517.pack */; };
		6CAED490844DD97C4A6317DA /* pack-c2125b7d5721b86026aac9404e3df120e03b3517.idx in Resources */ = {isa = PBXBuildFile; fileRef = FFBAF58A9E2CFABD7FD3AEE0 /* pack-c2125b7d5721b86026aac9404e3df120e03b3517.idx */; };
		7DD10615871D57F86F6F2442 /* project.yml in Resources */ = {isa = PBXBuildFile; fileRef = 88E3B79D3F57FDEBFA1B2237 /* project.yml */; };
		7E42250A213CF68459C47198 /* CircleService.swift in Sources */ = {isa = PBXBuildFile; fileRef = 99F8165BF2337782C4582AF6 /* CircleService.swift */; };
		7FB509A892755B6925E54C5F /* pre-rebase.sample in Resources */ = {isa = PBXBuildFile; fileRef = 0400F777868698A305AA32C6 /* pre-rebase.sample */; };
		81FA8F68CBD58A668DA4A95F /* prepare-commit-msg.sample in Resources */ = {isa = PBXBuildFile; fileRef = 8C8728401AD9903DD7A811D0 /* prepare-commit-msg.sample */; };
		8B3ABCD98063EA2AAD89FCBA /* update.sample in Resources */ = {isa = PBXBuildFile; fileRef = 4A5DBF2A60CE15DDE0050CB8 /* update.sample */; };
		90FC77F53BC0113FED9A3B34 /* applypatch-msg.sample in Resources */ = {isa = PBXBuildFile; fileRef = DCF244ADBB6143CCC1A0ED7D /* applypatch-msg.sample */; };
		A70605DDD5866AC12834507B /* NFTCollectionView.swift in Sources */ = {isa = PBXBuildFile; fileRef = 0979C2C35A2E6B108E4B5146 /* NFTCollectionView.swift */; };
		AA6367AE014F8AA86AEA9C0C /* commit-msg.sample in Resources */ = {isa = PBXBuildFile; fileRef = 85A887EB48409B69D1856DFB /* commit-msg.sample */; };
		AEC7AA62245A93C7747E9E87 /* ArchWallet.xcodeproj in Resources */ = {isa = PBXBuildFile; fileRef = BF753FA3ADBE6919E5161E08 /* ArchWallet.xcodeproj */; };
		B523DE9718A4761D98C52B83 /* pre-commit.sample in Resources */ = {isa = PBXBuildFile; fileRef = A8FD1AD296CCE264947CCB0C /* pre-commit.sample */; };
		BB7A2519EAF4BC5AF8F279B1 /* fsmonitor-watchman.sample in Resources */ = {isa = PBXBuildFile; fileRef = 6404A5C0BF8DF13AE462FBC8 /* fsmonitor-watchman.sample */; };
		C2929D0E88E780221532D3E1 /* App.swift in Sources */ = {isa = PBXBuildFile; fileRef = 8D888F60403A259EE7C1C9BC /* App.swift */; };
		C7AE88B5382DBF94FD2A8BF1 /* pre-merge-commit.sample in Resources */ = {isa = PBXBuildFile; fileRef = 897757E7ED486C2F916CEC18 /* pre-merge-commit.sample */; };
		E96A674F0F7B88EB69A8A4E0 /* ProfileView.swift in Sources */ = {isa = PBXBuildFile; fileRef = 396FF4B47228F6A6FC58F6F7 /* ProfileView.swift */; };
		F8ACBBFFDF01562F3610440B /* push-to-checkout.sample in Resources */ = {isa = PBXBuildFile; fileRef = 2C1B4474DA2E3E569E5DD5E9 /* push-to-checkout.sample */; };
/* End PBXBuildFile section */

/* Begin PBXFileReference section */
		03463F7F5927D451AD455C0D /* e599d6ad86fbce71b9ba485c997cf883867cab */ = {isa = PBXFileReference; lastKnownFileType = file; path = e599d6ad86fbce71b9ba485c997cf883867cab; sourceTree = "<group>"; };
		0400F777868698A305AA32C6 /* pre-rebase.sample */ = {isa = PBXFileReference; lastKnownFileType = text.script.sh; path = "pre-rebase.sample"; sourceTree = "<group>"; };
		07CD41A46B649C7EDD1A8D92 /* COMMIT_EDITMSG */ = {isa = PBXFileReference; lastKnownFileType = text; path = COMMIT_EDITMSG; sourceTree = "<group>"; };
		089CD1B29EF863D506928F15 /* f0dff579fad22fb261c5bad6a3661eac8ee721 */ = {isa = PBXFileReference; lastKnownFileType = file; path = f0dff579fad22fb261c5bad6a3661eac8ee721; sourceTree = "<group>"; };
		094D2427133CB7D2EA1DEBEA /* MainTabView.swift */ = {isa = PBXFileReference; lastKnownFileType = sourcecode.swift; path = MainTabView.swift; sourceTree = "<group>"; };
		0979C2C35A2E6B108E4B5146 /* NFTCollectionView.swift */ = {isa = PBXFileReference; lastKnownFileType = sourcecode.swift; path = NFTCollectionView.swift; sourceTree = "<group>"; };
		0F7DDC9B57E21C7F4E0002A5 /* HEAD */ = {isa = PBXFileReference; lastKnownFileType = text; path = HEAD; sourceTree = "<group>"; };
		0F8EB3E67799AE86D573DB96 /* config */ = {isa = PBXFileReference; lastKnownFileType = text; path = config; sourceTree = "<group>"; };
		0FEA1C82D8DC98666C00F7AB /* e9c1497e77e29cdf6292cdf6bec3a292746b0d */ = {isa = PBXFileReference; lastKnownFileType = file; path = e9c1497e77e29cdf6292cdf6bec3a292746b0d; sourceTree = "<group>"; };
		147A9070A0B5C9AE0D1A8BE8 /* 0ba60b9694dac129ece0d0cfb51d16dacfc13f */ = {isa = PBXFileReference; lastKnownFileType = file; path = 0ba60b9694dac129ece0d0cfb51d16dacfc13f; sourceTree = "<group>"; };
		1A444FE9B27AFD4421444DEB /* b857eb1b9c0ed644ef87a7170321c4159b018f */ = {isa = PBXFileReference; lastKnownFileType = file; path = b857eb1b9c0ed644ef87a7170321c4159b018f; sourceTree = "<group>"; };
		1BED348DFDF769D4847569E1 /* 1f11ada5821f9c46aa8b715e1c54e6c596bb77 */ = {isa = PBXFileReference; lastKnownFileType = file; path = 1f11ada5821f9c46aa8b715e1c54e6c596bb77; sourceTree = "<group>"; };
		1DC9CA8D6B64364F872C4EBA /* BuyView.swift */ = {isa = PBXFileReference; lastKnownFileType = sourcecode.swift; path = BuyView.swift; sourceTree = "<group>"; };
		2019CFB8CA3ED555F9E621DB /* pre-receive.sample */ = {isa = PBXFileReference; lastKnownFileType = text.script.sh; path = "pre-receive.sample"; sourceTree = "<group>"; };
		2209C650529CE1F5AB81CB6B /* 4f3afc90aae237ffddd172f74d243951baf453 */ = {isa = PBXFileReference; lastKnownFileType = text; path = 4f3afc90aae237ffddd172f74d243951baf453; sourceTree = "<group>"; };
		298140F946B1E8BED903ADE1 /* FETCH_HEAD */ = {isa = PBXFileReference; lastKnownFileType = text; path = FETCH_HEAD; sourceTree = "<group>"; };
		2C1B4474DA2E3E569E5DD5E9 /* push-to-checkout.sample */ = {isa = PBXFileReference; lastKnownFileType = text.script.sh; path = "push-to-checkout.sample"; sourceTree = "<group>"; };
		376E610CC11129AA42C09717 /* 202c583252b68372c7e0a16c92893ecf9ba359 */ = {isa = PBXFileReference; lastKnownFileType = file; path = 202c583252b68372c7e0a16c92893ecf9ba359; sourceTree = "<group>"; };
		38CCC5C1871A6658C5664A65 /* 2bdbcc368d0f7ad82ac609bba4dd9dc3422761 */ = {isa = PBXFileReference; lastKnownFileType = file; path = 2bdbcc368d0f7ad82ac609bba4dd9dc3422761; sourceTree = "<group>"; };
		396FF4B47228F6A6FC58F6F7 /* ProfileView.swift */ = {isa = PBXFileReference; lastKnownFileType = sourcecode.swift; path = ProfileView.swift; sourceTree = "<group>"; };
		3E35DFF133314636506ACEE6 /* 0deb062442860212ba1e2238d2ed6caafcb999 */ = {isa = PBXFileReference; lastKnownFileType = file; path = 0deb062442860212ba1e2238d2ed6caafcb999; sourceTree = "<group>"; };
		4143A15503D2EDD437E28D4F /* f321f0c38b0ac0eed65054acf882af5399af8c */ = {isa = PBXFileReference; lastKnownFileType = file; path = f321f0c38b0ac0eed65054acf882af5399af8c; sourceTree = "<group>"; };
		42FB668E6EB2A799EFEA7C48 /* 3c11e514b27d3d6d92c8098408853195a4274b */ = {isa = PBXFileReference; lastKnownFileType = file; path = 3c11e514b27d3d6d92c8098408853195a4274b; sourceTree = "<group>"; };
		43A1075BC586CC21E9A12266 /* 2b03c83fcd3f727e2ee9b115dd17fb3af93986 */ = {isa = PBXFileReference; lastKnownFileType = file; path = 2b03c83fcd3f727e2ee9b115dd17fb3af93986; sourceTree = "<group>"; };
		46C1B918408E392394784CD5 /* ORIG_HEAD */ = {isa = PBXFileReference; lastKnownFileType = text; path = ORIG_HEAD; sourceTree = "<group>"; };
		4A5DBF2A60CE15DDE0050CB8 /* update.sample */ = {isa = PBXFileReference; lastKnownFileType = text.script.sh; path = update.sample; sourceTree = "<group>"; };
		4D2718A080C5BF192D029EE1 /* b8f333f99155546fe15e8f137de7c1a561a963 */ = {isa = PBXFileReference; lastKnownFileType = file; path = b8f333f99155546fe15e8f137de7c1a561a963; sourceTree = "<group>"; };
		500AB7D57FB7013DC97726D5 /* e9883a7580dce9bfe2388f4cdd1366ed6726f5 */ = {isa = PBXFileReference; lastKnownFileType = file; path = e9883a7580dce9bfe2388f4cdd1366ed6726f5; sourceTree = "<group>"; };
		501D8ABF0CF65B7200E4D95C /* exclude */ = {isa = PBXFileReference; lastKnownFileType = text; path = exclude; sourceTree = "<group>"; };
		52BEB06A7EACB035054D8C04 /* 5b042ad832aef33bf314d94da308f4c0f0e49a */ = {isa = PBXFileReference; lastKnownFileType = file; path = 5b042ad832aef33bf314d94da308f4c0f0e49a; sourceTree = "<group>"; };
		55D7BB2C42A05A483EB6F591 /* Models.swift */ = {isa = PBXFileReference; lastKnownFileType = sourcecode.swift; path = Models.swift; sourceTree = "<group>"; };
		56A7AEC2A4F3E8B43E4CD30F /* 5b918ccb64ad8ab511960ea14254835a8ebffd */ = {isa = PBXFileReference; lastKnownFileType = file; path = 5b918ccb64ad8ab511960ea14254835a8ebffd; sourceTree = "<group>"; };
		577107EB5D1B2E7C5071B588 /* a4fab6ec3064e8e5ef5f332a52d04728ce1e25 */ = {isa = PBXFileReference; lastKnownFileType = file; path = a4fab6ec3064e8e5ef5f332a52d04728ce1e25; sourceTree = "<group>"; };
		5EDCC80BB480D8A9578040F2 /* 8269a2ab7431f750236c69ec55377a32b928a6 */ = {isa = PBXFileReference; lastKnownFileType = file; path = 8269a2ab7431f750236c69ec55377a32b928a6; sourceTree = "<group>"; };
		6404A5C0BF8DF13AE462FBC8 /* fsmonitor-watchman.sample */ = {isa = PBXFileReference; lastKnownFileType = text.script.perl; path = "fsmonitor-watchman.sample"; sourceTree = "<group>"; };
		649964E23E0BC992E67821FA /* 3b0ee7e7f98a5fdbdfab9d16cec124fd271645 */ = {isa = PBXFileReference; lastKnownFileType = file; path = 3b0ee7e7f98a5fdbdfab9d16cec124fd271645; sourceTree = "<group>"; };
		65098AA7D04334DF4AF9F2EA /* 051b765b0576a6cdbcdb71e25d1cf248c08ef4 */ = {isa = PBXFileReference; lastKnownFileType = file; path = 051b765b0576a6cdbcdb71e25d1cf248c08ef4; sourceTree = "<group>"; };
		676B66ABC6AC6F485EDF1979 /* 5da116c71ed19dae9de8fcddc0e028469bdb02 */ = {isa = PBXFileReference; lastKnownFileType = file; path = 5da116c71ed19dae9de8fcddc0e028469bdb02; sourceTree = "<group>"; };
		6B33B5CD78D09F8E50FBC80A /* main */ = {isa = PBXFileReference; lastKnownFileType = text; path = main; sourceTree = "<group>"; };
		6C5AF2F0B5D17D66B809F0ED /* 28eff257f7e77dad43f614856d2f361608daee */ = {isa = PBXFileReference; lastKnownFileType = file; path = 28eff257f7e77dad43f614856d2f361608daee; sourceTree = "<group>"; };
		6C5DE924A19D605EF48AAEEC /* d0470580faedf004ef73e4a282f1ea18a1cbd8 */ = {isa = PBXFileReference; lastKnownFileType = file; path = d0470580faedf004ef73e4a282f1ea18a1cbd8; sourceTree = "<group>"; };
		765C0BF6EC5C4F0C6B572089 /* NFTViewModel.swift */ = {isa = PBXFileReference; lastKnownFileType = sourcecode.swift; path = NFTViewModel.swift; sourceTree = "<group>"; };
		7725E6122212D33DCB88B571 /* main */ = {isa = PBXFileReference; lastKnownFileType = text; path = main; sourceTree = "<group>"; };
		800C7EC6B78D14EAF8D22603 /* f96d02cce3d905cce2c01e93a134493e0dfddb */ = {isa = PBXFileReference; lastKnownFileType = file; path = f96d02cce3d905cce2c01e93a134493e0dfddb; sourceTree = "<group>"; };
		80FC14D3A68E378ADBD8FE26 /* main */ = {isa = PBXFileReference; lastKnownFileType = text; path = main; sourceTree = "<group>"; };
		821D3284A34FBF34BED93878 /* 4654afb6ec3b156f34f68d4dc54da5ef632e52 */ = {isa = PBXFileReference; lastKnownFileType = file; path = 4654afb6ec3b156f34f68d4dc54da5ef632e52; sourceTree = "<group>"; };
		839ADF2EDF686CEEBCD36F0A /* pack-c2125b7d5721b86026aac9404e3df120e03b3517.pack */ = {isa = PBXFileReference; lastKnownFileType = file; path = "pack-c2125b7d5721b86026aac9404e3df120e03b3517.pack"; sourceTree = "<group>"; };
		85A887EB48409B69D1856DFB /* commit-msg.sample */ = {isa = PBXFileReference; lastKnownFileType = text.script.sh; path = "commit-msg.sample"; sourceTree = "<group>"; };
		88E3B79D3F57FDEBFA1B2237 /* project.yml */ = {isa = PBXFileReference; lastKnownFileType = text.yaml; path = project.yml; sourceTree = "<group>"; };
		897757E7ED486C2F916CEC18 /* pre-merge-commit.sample */ = {isa = PBXFileReference; lastKnownFileType = text.script.sh; path = "pre-merge-commit.sample"; sourceTree = "<group>"; };
		8A022FB2A74D6441EF11CB93 /* 990de8c756b9c6cdcd17aef67c5f500ae1aed2 */ = {isa = PBXFileReference; lastKnownFileType = file; path = 990de8c756b9c6cdcd17aef67c5f500ae1aed2; sourceTree = "<group>"; };
		8C8728401AD9903DD7A811D0 /* prepare-commit-msg.sample */ = {isa = PBXFileReference; lastKnownFileType = text.script.sh; path = "prepare-commit-msg.sample"; sourceTree = "<group>"; };
		8D888F60403A259EE7C1C9BC /* App.swift */ = {isa = PBXFileReference; lastKnownFileType = sourcecode.swift; path = App.swift; sourceTree = "<group>"; };
		9106E7F80BAE98D7EF438597 /* DashboardView.swift */ = {isa = PBXFileReference; lastKnownFileType = sourcecode.swift; path = DashboardView.swift; sourceTree = "<group>"; };
		9354BD972E3C6464A304D796 /* DashboardViewModel.swift */ = {isa = PBXFileReference; lastKnownFileType = sourcecode.swift; path = DashboardViewModel.swift; sourceTree = "<group>"; };
		990484DFCB4D15B43DD09B63 /* 38c2d300a6ec02329a739aa81309e52c5c0a25 */ = {isa = PBXFileReference; lastKnownFileType = file; path = 38c2d300a6ec02329a739aa81309e52c5c0a25; sourceTree = "<group>"; };
		99F8165BF2337782C4582AF6 /* CircleService.swift */ = {isa = PBXFileReference; lastKnownFileType = sourcecode.swift; path = CircleService.swift; sourceTree = "<group>"; };
		99FF9F878AF5C4A4D14E22F6 /* description */ = {isa = PBXFileReference; lastKnownFileType = text; path = description; sourceTree = "<group>"; };
		9A485B40569E190283D670AB /* 426478960456b7951ea4ee6b882441eb491c26 */ = {isa = PBXFileReference; lastKnownFileType = file; path = 426478960456b7951ea4ee6b882441eb491c26; sourceTree = "<group>"; };
		9DE80299A2D4B2236F452817 /* pre-applypatch.sample */ = {isa = PBXFileReference; lastKnownFileType = text.script.sh; path = "pre-applypatch.sample"; sourceTree = "<group>"; };
		A29E9A302F0D0C3EEE19C9D7 /* main */ = {isa = PBXFileReference; lastKnownFileType = text; path = main; sourceTree = "<group>"; };
		A438065684FB4F8A3A64FB5E /* 9434a6254f0e9651f402737811be6634a03e9c */ = {isa = PBXFileReference; lastKnownFileType = file; path = 9434a6254f0e9651f402737811be6634a03e9c; sourceTree = "<group>"; };
		A8FD1AD296CCE264947CCB0C /* pre-commit.sample */ = {isa = PBXFileReference; lastKnownFileType = text.script.sh; path = "pre-commit.sample"; sourceTree = "<group>"; };
		A96E20D77D673387E072A1F6 /* f56b666e7737fc7c9183b0b9486cabd013efae */ = {isa = PBXFileReference; lastKnownFileType = file; path = f56b666e7737fc7c9183b0b9486cabd013efae; sourceTree = "<group>"; };
		A989658BFF1DA83B0A8BA768 /* 09286183431e9ee7cef553898228a4fae1bf1c */ = {isa = PBXFileReference; lastKnownFileType = text; path = 09286183431e9ee7cef553898228a4fae1bf1c; sourceTree = "<group>"; };
		ADB04C726DD7306F1E90A55E /* index */ = {isa = PBXFileReference; lastKnownFileType = file; path = index; sourceTree = "<group>"; };
		AE14D281DB7E3ED5568BDDF2 /* bb86037820983f035b323b416b5a08b5bbdc7c */ = {isa = PBXFileReference; lastKnownFileType = file; path = bb86037820983f035b323b416b5a08b5bbdc7c; sourceTree = "<group>"; };
		B41012C4841DF42B5E083AA8 /* ca4c9b7ae1d05dff9ba587deba16edacb9f6d3 */ = {isa = PBXFileReference; lastKnownFileType = file; path = ca4c9b7ae1d05dff9ba587deba16edacb9f6d3; sourceTree = "<group>"; };
		B50057E8E7F544FDD5863635 /* NFTCardView.swift */ = {isa = PBXFileReference; lastKnownFileType = sourcecode.swift; path = NFTCardView.swift; sourceTree = "<group>"; };
		B616BB09438CF646DDB8AB14 /* post-update.sample */ = {isa = PBXFileReference; lastKnownFileType = text.script.sh; path = "post-update.sample"; sourceTree = "<group>"; };
		B66CB969DD008A09254DA478 /* HEAD */ = {isa = PBXFileReference; lastKnownFileType = text; path = HEAD; sourceTree = "<group>"; };
		B85A6EF0A91FB149CBD78452 /* HEAD */ = {isa = PBXFileReference; lastKnownFileType = text; path = HEAD; sourceTree = "<group>"; };
		B86012609B058C2804AC1A1C /* pre-push.sample */ = {isa = PBXFileReference; lastKnownFileType = text.script.sh; path = "pre-push.sample"; sourceTree = "<group>"; };
		BAEE8C3B915248B2D3FFE4BC /* 39c882da48f315cf2ae94e23cabc8b4eb85231 */ = {isa = PBXFileReference; lastKnownFileType = file; path = 39c882da48f315cf2ae94e23cabc8b4eb85231; sourceTree = "<group>"; };
		BCDE72B5E4A0E41DFF97B7F5 /* 4c2c85bb44d8e0fec3b8fbebf2568840148994 */ = {isa = PBXFileReference; lastKnownFileType = text; path = 4c2c85bb44d8e0fec3b8fbebf2568840148994; sourceTree = "<group>"; };
		BF753FA3ADBE6919E5161E08 /* ArchWallet.xcodeproj */ = {isa = PBXFileReference; lastKnownFileType = "wrapper.pb-project"; path = ArchWallet.xcodeproj; sourceTree = "<group>"; };
		C1A8701C1CF255BF9308C9E4 /* efc2896c14e1b6a3084457f33aa756443f7b93 */ = {isa = PBXFileReference; lastKnownFileType = file; path = efc2896c14e1b6a3084457f33aa756443f7b93; sourceTree = "<group>"; };
		C37787ECA64B53180693E9A8 /* AssetRowView.swift */ = {isa = PBXFileReference; lastKnownFileType = sourcecode.swift; path = AssetRowView.swift; sourceTree = "<group>"; };
		C9346D4957B04EDCAF25BA25 /* 9bafc2a49371a884f51b3db3978bbf3a845a7e */ = {isa = PBXFileReference; lastKnownFileType = file; path = 9bafc2a49371a884f51b3db3978bbf3a845a7e; sourceTree = "<group>"; };
		CDDDA9C7456229605C5E8B63 /* packed-refs */ = {isa = PBXFileReference; lastKnownFileType = text; path = "packed-refs"; sourceTree = "<group>"; };
		D45B17EA13684376E0C63B6D /* cursor_metadata.pb */ = {isa = PBXFileReference; lastKnownFileType = file; path = cursor_metadata.pb; sourceTree = "<group>"; };
		DCF244ADBB6143CCC1A0ED7D /* applypatch-msg.sample */ = {isa = PBXFileReference; lastKnownFileType = text.script.sh; path = "applypatch-msg.sample"; sourceTree = "<group>"; };
		E4B130138527B8A1657E7AAA /* HEAD */ = {isa = PBXFileReference; lastKnownFileType = text; path = HEAD; sourceTree = "<group>"; };
		E6682B6FB84321F7B8CDA22B /* 1088609593d92228cf918f8208758914231e61 */ = {isa = PBXFileReference; lastKnownFileType = file; path = 1088609593d92228cf918f8208758914231e61; sourceTree = "<group>"; };
		E68A4C24B4BFC9CAB22DE8AD /* ffc18d963f4839e791134f76fb7fac23f6da15 */ = {isa = PBXFileReference; lastKnownFileType = file; path = ffc18d963f4839e791134f76fb7fac23f6da15; sourceTree = "<group>"; };
		E83036F736C2665BE9EDBB17 /* d0505be8858a59a6c3222132a6ed378670aeae */ = {isa = PBXFileReference; lastKnownFileType = file; path = d0505be8858a59a6c3222132a6ed378670aeae; sourceTree = "<group>"; };
		ED3DBD4AAF0EE6894A9D4F43 /* f58f6aedcbeacfb1cf398dbc5a31a53f58f89a */ = {isa = PBXFileReference; lastKnownFileType = file; path = f58f6aedcbeacfb1cf398dbc5a31a53f58f89a; sourceTree = "<group>"; };
		F6C355B56C3E88C5CF3D59C4 /* Theme.swift */ = {isa = PBXFileReference; lastKnownFileType = sourcecode.swift; path = Theme.swift; sourceTree = "<group>"; };
		F715DA1D92507CFDE4D05D07 /* ArchWallet.app */ = {isa = PBXFileReference; includeInIndex = 0; lastKnownFileType = wrapper.application; path = ArchWallet.app; sourceTree = BUILT_PRODUCTS_DIR; };
		F77E2A87E0390EE017A62A7D /* 8651bbdab3c9a10b7811b28a88422aeb09fc76 */ = {isa = PBXFileReference; lastKnownFileType = file; path = 8651bbdab3c9a10b7811b28a88422aeb09fc76; sourceTree = "<group>"; };
		F7C59937EF3D081A0FF3A951 /* d978ccc29e7d1a12fed4053d4434e9ef49f876 */ = {isa = PBXFileReference; lastKnownFileType = file; path = d978ccc29e7d1a12fed4053d4434e9ef49f876; sourceTree = "<group>"; };
		FFBAF58A9E2CFABD7FD3AEE0 /* pack-c2125b7d5721b86026aac9404e3df120e03b3517.idx */ = {isa = PBXFileReference; lastKnownFileType = file; path = "pack-c2125b7d5721b86026aac9404e3df120e03b3517.idx"; sourceTree = "<group>"; };
/* End PBXFileReference section */

/* Begin PBXGroup section */
		100E93634329FC96813226EE /* ca */ = {
			isa = PBXGroup;
			children = (
				676B66ABC6AC6F485EDF1979 /* 5da116c71ed19dae9de8fcddc0e028469bdb02 */,
			);
			path = ca;
			sourceTree = "<group>";
		};
		126215E21B687650316DFFC0 /* eb */ = {
			isa = PBXGroup;
			children = (
				0FEA1C82D8DC98666C00F7AB /* e9c1497e77e29cdf6292cdf6bec3a292746b0d */,
			);
			path = eb;
			sourceTree = "<group>";
		};
		13E7A4E9EFFC00C5E0385EFE /* BuyFeature */ = {
			isa = PBXGroup;
			children = (
				1DC9CA8D6B64364F872C4EBA /* BuyView.swift */,
			);
			path = BuyFeature;
			sourceTree = "<group>";
		};
		15AA74FDB4E04609C9B3F3D8 /* heads */ = {
			isa = PBXGroup;
			children = (
				6B33B5CD78D09F8E50FBC80A /* main */,
			);
			path = heads;
			sourceTree = "<group>";
		};
		169BC116892DAA9C64A74D90 /* 6e */ = {
			isa = PBXGroup;
			children = (
				C9346D4957B04EDCAF25BA25 /* 9bafc2a49371a884f51b3db3978bbf3a845a7e */,
				376E610CC11129AA42C09717 /* 202c583252b68372c7e0a16c92893ecf9ba359 */,
			);
			path = 6e;
			sourceTree = "<group>";
		};
		1B59552B2B1693224083B2C8 /* 27 */ = {
			isa = PBXGroup;
			children = (
				577107EB5D1B2E7C5071B588 /* a4fab6ec3064e8e5ef5f332a52d04728ce1e25 */,
			);
			path = 27;
			sourceTree = "<group>";
		};
		1B9E7720B71CE4B1996C0A61 /* a1 */ = {
			isa = PBXGroup;
			children = (
				8A022FB2A74D6441EF11CB93 /* 990de8c756b9c6cdcd17aef67c5f500ae1aed2 */,
			);
			path = a1;
			sourceTree = "<group>";
		};
		33B787A94E64BA4D19867965 /* 0e */ = {
			isa = PBXGroup;
			children = (
				9A485B40569E190283D670AB /* 426478960456b7951ea4ee6b882441eb491c26 */,
				4143A15503D2EDD437E28D4F /* f321f0c38b0ac0eed65054acf882af5399af8c */,
			);
			path = 0e;
			sourceTree = "<group>";
		};
		33D63758AA7182DC82A41760 /* 97 */ = {
			isa = PBXGroup;
			children = (
				43A1075BC586CC21E9A12266 /* 2b03c83fcd3f727e2ee9b115dd17fb3af93986 */,
				03463F7F5927D451AD455C0D /* e599d6ad86fbce71b9ba485c997cf883867cab */,
			);
			path = 97;
			sourceTree = "<group>";
		};
		34A71D8CFAA0E956DF656287 /* 91 */ = {
			isa = PBXGroup;
			children = (
				F77E2A87E0390EE017A62A7D /* 8651bbdab3c9a10b7811b28a88422aeb09fc76 */,
				A438065684FB4F8A3A64FB5E /* 9434a6254f0e9651f402737811be6634a03e9c */,
			);
			path = 91;
			sourceTree = "<group>";
		};
		3776988AF365678941ABE6F4 /* ba */ = {
			isa = PBXGroup;
			children = (
				38CCC5C1871A6658C5664A65 /* 2bdbcc368d0f7ad82ac609bba4dd9dc3422761 */,
			);
			path = ba;
			sourceTree = "<group>";
		};
		3887AC8FCAA7A9EB1B598B75 /* origin */ = {
			isa = PBXGroup;
			children = (
				B85A6EF0A91FB149CBD78452 /* HEAD */,
				80FC14D3A68E378ADBD8FE26 /* main */,
			);
			path = origin;
			sourceTree = "<group>";
		};
		3D8806607C6B0ADBCDB8DA36 /* remotes */ = {
			isa = PBXGroup;
			children = (
				813820F2C2E50A0AE1D182D2 /* origin */,
			);
			path = remotes;
			sourceTree = "<group>";
		};
		3ED6E40DE1C379EF4740E410 /* 11 */ = {
			isa = PBXGroup;
			children = (
				A96E20D77D673387E072A1F6 /* f56b666e7737fc7c9183b0b9486cabd013efae */,
			);
			path = 11;
			sourceTree = "<group>";
		};
		3F3EFCAD2E4E8B7300DCD364 /* Products */ = {
			isa = PBXGroup;
			name = Products;
			sourceTree = "<group>";
		};
		3F5EBE233F6002E506FF2C0A /* archwallet */ = {
			isa = PBXGroup;
			children = (
				8D888F60403A259EE7C1C9BC /* App.swift */,
				BF753FA3ADBE6919E5161E08 /* ArchWallet.xcodeproj */,
				9106E7F80BAE98D7EF438597 /* DashboardView.swift */,
				094D2427133CB7D2EA1DEBEA /* MainTabView.swift */,
				0979C2C35A2E6B108E4B5146 /* NFTCollectionView.swift */,
				396FF4B47228F6A6FC58F6F7 /* ProfileView.swift */,
				88E3B79D3F57FDEBFA1B2237 /* project.yml */,
			);
			name = archwallet;
			path = .;
			sourceTree = "<group>";
		};
		41FB2C8195C09CB80FB56704 /* 48 */ = {
			isa = PBXGroup;
			children = (
				1A444FE9B27AFD4421444DEB /* b857eb1b9c0ed644ef87a7170321c4159b018f */,
			);
			path = 48;
			sourceTree = "<group>";
		};
		4308BD4E2B4AF69F6E3F3402 /* 84 */ = {
			isa = PBXGroup;
			children = (
				BAEE8C3B915248B2D3FFE4BC /* 39c882da48f315cf2ae94e23cabc8b4eb85231 */,
			);
			path = 84;
			sourceTree = "<group>";
		};
		44DF3185397C3886B3382C6F /* f6 */ = {
			isa = PBXGroup;
			children = (
				1BED348DFDF769D4847569E1 /* 1f11ada5821f9c46aa8b715e1c54e6c596bb77 */,
				42FB668E6EB2A799EFEA7C48 /* 3c11e514b27d3d6d92c8098408853195a4274b */,
			);
			path = f6;
			sourceTree = "<group>";
		};
		463FC25F813D902C9EDED8B9 /* heads */ = {
			isa = PBXGroup;
			children = (
				7725E6122212D33DCB88B571 /* main */,
			);
			path = heads;
			sourceTree = "<group>";
		};
		485F8781BDB2F0EF125468CD /* 25 */ = {
			isa = PBXGroup;
			children = (
				BCDE72B5E4A0E41DFF97B7F5 /* 4c2c85bb44d8e0fec3b8fbebf2568840148994 */,
			);
			path = 25;
			sourceTree = "<group>";
		};
		492E46171A359E96A15EC8AD /* b7 */ = {
			isa = PBXGroup;
			children = (
				500AB7D57FB7013DC97726D5 /* e9883a7580dce9bfe2388f4cdd1366ed6726f5 */,
			);
			path = b7;
			sourceTree = "<group>";
		};
		4A927A4A647B81103E729192 /* Services */ = {
			isa = PBXGroup;
			children = (
				99F8165BF2337782C4582AF6 /* CircleService.swift */,
			);
			path = Services;
			sourceTree = "<group>";
		};
		4DC9BB6C6EFD9291E3ABA7FC /* af */ = {
			isa = PBXGroup;
			children = (
				F7C59937EF3D081A0FF3A951 /* d978ccc29e7d1a12fed4053d4434e9ef49f876 */,
			);
			path = af;
			sourceTree = "<group>";
		};
		52AB321653CC692E8743FEA4 /* 24 */ = {
			isa = PBXGroup;
			children = (
				990484DFCB4D15B43DD09B63 /* 38c2d300a6ec02329a739aa81309e52c5c0a25 */,
			);
			path = 24;
			sourceTree = "<group>";
		};
		570547B4805878E09F9A8634 /* refs */ = {
			isa = PBXGroup;
			children = (
				15AA74FDB4E04609C9B3F3D8 /* heads */,
				881B2AFF51B18278CECB3845 /* remotes */,
			);
			path = refs;
			sourceTree = "<group>";
		};
		5EAD8F7A374657C753F5E236 /* logs */ = {
			isa = PBXGroup;
			children = (
				B66CB969DD008A09254DA478 /* HEAD */,
				570547B4805878E09F9A8634 /* refs */,
			);
			path = logs;
			sourceTree = "<group>";
		};
		645633FD54DD23061795DEF6 /* pack */ = {
			isa = PBXGroup;
			children = (
				FFBAF58A9E2CFABD7FD3AEE0 /* pack-c2125b7d5721b86026aac9404e3df120e03b3517.idx */,
				839ADF2EDF686CEEBCD36F0A /* pack-c2125b7d5721b86026aac9404e3df120e03b3517.pack */,
			);
			path = pack;
			sourceTree = "<group>";
		};
		66715CF1642C58A9B7991814 /* Products */ = {
			isa = PBXGroup;
			children = (
				F715DA1D92507CFDE4D05D07 /* ArchWallet.app */,
			);
			name = Products;
			sourceTree = "<group>";
		};
		6951788501544188FAE98EA6 /* db */ = {
			isa = PBXGroup;
			children = (
				147A9070A0B5C9AE0D1A8BE8 /* 0ba60b9694dac129ece0d0cfb51d16dacfc13f */,
			);
			path = db;
			sourceTree = "<group>";
		};
		71C8FD09599C39FBAF782FFA /* 8f */ = {
			isa = PBXGroup;
			children = (
				649964E23E0BC992E67821FA /* 3b0ee7e7f98a5fdbdfab9d16cec124fd271645 */,
			);
			path = 8f;
			sourceTree = "<group>";
		};
		788CB9400DCB66C20F295D3C /* f0 */ = {
			isa = PBXGroup;
			children = (
				089CD1B29EF863D506928F15 /* f0dff579fad22fb261c5bad6a3661eac8ee721 */,
			);
			path = f0;
			sourceTree = "<group>";
		};
		7AF29202F97DA7292FACA965 /* info */ = {
			isa = PBXGroup;
			children = (
				501D8ABF0CF65B7200E4D95C /* exclude */,
			);
			path = info;
			sourceTree = "<group>";
		};
		7E8B195C1430F4817435C011 /* NFTFeature */ = {
			isa = PBXGroup;
			children = (
				B50057E8E7F544FDD5863635 /* NFTCardView.swift */,
				765C0BF6EC5C4F0C6B572089 /* NFTViewModel.swift */,
			);
			path = NFTFeature;
			sourceTree = "<group>";
		};
		813820F2C2E50A0AE1D182D2 /* origin */ = {
			isa = PBXGroup;
			children = (
				E4B130138527B8A1657E7AAA /* HEAD */,
				A29E9A302F0D0C3EEE19C9D7 /* main */,
			);
			path = origin;
			sourceTree = "<group>";
		};
		816E20755F017F3EC904A109 /* 7a */ = {
			isa = PBXGroup;
			children = (
				5EDCC80BB480D8A9578040F2 /* 8269a2ab7431f750236c69ec55377a32b928a6 */,
			);
			path = 7a;
			sourceTree = "<group>";
		};
		836741CE43D1D014444DCE5A /* Models */ = {
			isa = PBXGroup;
			children = (
				55D7BB2C42A05A483EB6F591 /* Models.swift */,
			);
			path = Models;
			sourceTree = "<group>";
		};
		845B9374FA5CE0ECC92CB16E /* 01 */ = {
			isa = PBXGroup;
			children = (
				C1A8701C1CF255BF9308C9E4 /* efc2896c14e1b6a3084457f33aa756443f7b93 */,
			);
			path = 01;
			sourceTree = "<group>";
		};
		881B2AFF51B18278CECB3845 /* remotes */ = {
			isa = PBXGroup;
			children = (
				3887AC8FCAA7A9EB1B598B75 /* origin */,
			);
			path = remotes;
			sourceTree = "<group>";
		};
		911851F67E7849C0B3309780 /* 1a */ = {
			isa = PBXGroup;
			children = (
				821D3284A34FBF34BED93878 /* 4654afb6ec3b156f34f68d4dc54da5ef632e52 */,
				4D2718A080C5BF192D029EE1 /* b8f333f99155546fe15e8f137de7c1a561a963 */,
			);
			path = 1a;
			sourceTree = "<group>";
		};
		9B23F38ABC53FBFBC9C726AE /* Theme */ = {
			isa = PBXGroup;
			children = (
				F6C355B56C3E88C5CF3D59C4 /* Theme.swift */,
			);
			path = Theme;
			sourceTree = "<group>";
		};
		9F586D6DC1DEFA1A4412C021 /* f8 */ = {
			isa = PBXGroup;
			children = (
				A989658BFF1DA83B0A8BA768 /* 09286183431e9ee7cef553898228a4fae1bf1c */,
			);
			path = f8;
			sourceTree = "<group>";
		};
		A0006DBEEF325C74EBA2C122 /* 88 */ = {
			isa = PBXGroup;
			children = (
				2209C650529CE1F5AB81CB6B /* 4f3afc90aae237ffddd172f74d243951baf453 */,
			);
			path = 88;
			sourceTree = "<group>";
		};
		A6CF8624F5E8790B74956D53 /* .git */ = {
			isa = PBXGroup;
			children = (
				07CD41A46B649C7EDD1A8D92 /* COMMIT_EDITMSG */,
				0F8EB3E67799AE86D573DB96 /* config */,
				D45B17EA13684376E0C63B6D /* cursor_metadata.pb */,
				99FF9F878AF5C4A4D14E22F6 /* description */,
				298140F946B1E8BED903ADE1 /* FETCH_HEAD */,
				0F7DDC9B57E21C7F4E0002A5 /* HEAD */,
				ADB04C726DD7306F1E90A55E /* index */,
				46C1B918408E392394784CD5 /* ORIG_HEAD */,
				CDDDA9C7456229605C5E8B63 /* packed-refs */,
				B30F870E6B4FF2E2D0D2B26B /* hooks */,
				7AF29202F97DA7292FACA965 /* info */,
				5EAD8F7A374657C753F5E236 /* logs */,
				C9A3052AF6C1D1224AF74135 /* objects */,
				B3A5C149114C1D67A0D4C8D8 /* refs */,
			);
			path = .git;
			sourceTree = "<group>";
		};
		B30F870E6B4FF2E2D0D2B26B /* hooks */ = {
			isa = PBXGroup;
			children = (
				DCF244ADBB6143CCC1A0ED7D /* applypatch-msg.sample */,
				85A887EB48409B69D1856DFB /* commit-msg.sample */,
				6404A5C0BF8DF13AE462FBC8 /* fsmonitor-watchman.sample */,
				B616BB09438CF646DDB8AB14 /* post-update.sample */,
				9DE80299A2D4B2236F452817 /* pre-applypatch.sample */,
				A8FD1AD296CCE264947CCB0C /* pre-commit.sample */,
				897757E7ED486C2F916CEC18 /* pre-merge-commit.sample */,
				B86012609B058C2804AC1A1C /* pre-push.sample */,
				0400F777868698A305AA32C6 /* pre-rebase.sample */,
				2019CFB8CA3ED555F9E621DB /* pre-receive.sample */,
				8C8728401AD9903DD7A811D0 /* prepare-commit-msg.sample */,
				2C1B4474DA2E3E569E5DD5E9 /* push-to-checkout.sample */,
				4A5DBF2A60CE15DDE0050CB8 /* update.sample */,
			);
			path = hooks;
			sourceTree = "<group>";
		};
		B3A5C149114C1D67A0D4C8D8 /* refs */ = {
			isa = PBXGroup;
			children = (
				463FC25F813D902C9EDED8B9 /* heads */,
				3D8806607C6B0ADBCDB8DA36 /* remotes */,
			);
			path = refs;
			sourceTree = "<group>";
		};
		B8ED79E1318012AD79F7CDF9 /* 34 */ = {
			isa = PBXGroup;
			children = (
				56A7AEC2A4F3E8B43E4CD30F /* 5b918ccb64ad8ab511960ea14254835a8ebffd */,
				65098AA7D04334DF4AF9F2EA /* 051b765b0576a6cdbcdb71e25d1cf248c08ef4 */,
			);
			path = 34;
			sourceTree = "<group>";
		};
		BEEFF6EFFA5A6F1A8332B40C /* 00 */ = {
			isa = PBXGroup;
			children = (
				E83036F736C2665BE9EDBB17 /* d0505be8858a59a6c3222132a6ed378670aeae */,
			);
			path = 00;
			sourceTree = "<group>";
		};
		C02790CADD819B2167278A95 /* 3e */ = {
			isa = PBXGroup;
			children = (
				E6682B6FB84321F7B8CDA22B /* 1088609593d92228cf918f8208758914231e61 */,
			);
			path = 3e;
			sourceTree = "<group>";
		};
		C60B53F304D59C6AC1F1EC30 /* 57 */ = {
			isa = PBXGroup;
			children = (
				800C7EC6B78D14EAF8D22603 /* f96d02cce3d905cce2c01e93a134493e0dfddb */,
			);
			path = 57;
			sourceTree = "<group>";
		};
		C9A3052AF6C1D1224AF74135 /* objects */ = {
			isa = PBXGroup;
			children = (
				BEEFF6EFFA5A6F1A8332B40C /* 00 */,
				33B787A94E64BA4D19867965 /* 0e */,
				845B9374FA5CE0ECC92CB16E /* 01 */,
				911851F67E7849C0B3309780 /* 1a */,
				E2AB7EF3C3163D374AE3C28D /* 2a */,
				C02790CADD819B2167278A95 /* 3e */,
				169BC116892DAA9C64A74D90 /* 6e */,
				816E20755F017F3EC904A109 /* 7a */,
				F49793C534354FA963AE18CA /* 8e */,
				71C8FD09599C39FBAF782FFA /* 8f */,
				F8BEFB07C7A5B5534B2113C9 /* 9a */,
				3ED6E40DE1C379EF4740E410 /* 11 */,
				52AB321653CC692E8743FEA4 /* 24 */,
				485F8781BDB2F0EF125468CD /* 25 */,
				1B59552B2B1693224083B2C8 /* 27 */,
				B8ED79E1318012AD79F7CDF9 /* 34 */,
				41FB2C8195C09CB80FB56704 /* 48 */,
				D3D35C4001B4D4E8E0CA7D79 /* 51 */,
				C60B53F304D59C6AC1F1EC30 /* 57 */,
				EA51C2DFDFAF038DD18EB9B4 /* 66 */,
				4308BD4E2B4AF69F6E3F3402 /* 84 */,
				A0006DBEEF325C74EBA2C122 /* 88 */,
				F2F9A82C8E00354B19CA516C /* 90 */,
				34A71D8CFAA0E956DF656287 /* 91 */,
				33D63758AA7182DC82A41760 /* 97 */,
				1B9E7720B71CE4B1996C0A61 /* a1 */,
				4DC9BB6C6EFD9291E3ABA7FC /* af */,
				492E46171A359E96A15EC8AD /* b7 */,
				3776988AF365678941ABE6F4 /* ba */,
				E7DF26749203921B3180285C /* bd */,
				100E93634329FC96813226EE /* ca */,
				D75A4CDCA545496C10DC2569 /* cc */,
				6951788501544188FAE98EA6 /* db */,
				126215E21B687650316DFFC0 /* eb */,
				788CB9400DCB66C20F295D3C /* f0 */,
				44DF3185397C3886B3382C6F /* f6 */,
				9F586D6DC1DEFA1A4412C021 /* f8 */,
				645633FD54DD23061795DEF6 /* pack */,
			);
			path = objects;
			sourceTree = "<group>";
		};
		D1F55F4549FBF53E8164C388 = {
			isa = PBXGroup;
			children = (
				A6CF8624F5E8790B74956D53 /* .git */,
				3F5EBE233F6002E506FF2C0A /* archwallet */,
				13E7A4E9EFFC00C5E0385EFE /* BuyFeature */,
				E908EA1B21CCACC2F4831372 /* DashboardFeature */,
				836741CE43D1D014444DCE5A /* Models */,
				7E8B195C1430F4817435C011 /* NFTFeature */,
				4A927A4A647B81103E729192 /* Services */,
				9B23F38ABC53FBFBC9C726AE /* Theme */,
				66715CF1642C58A9B7991814 /* Products */,
			);
			sourceTree = "<group>";
		};
		D3D35C4001B4D4E8E0CA7D79 /* 51 */ = {
			isa = PBXGroup;
			children = (
				E68A4C24B4BFC9CAB22DE8AD /* ffc18d963f4839e791134f76fb7fac23f6da15 */,
			);
			path = 51;
			sourceTree = "<group>";
		};
		D75A4CDCA545496C10DC2569 /* cc */ = {
			isa = PBXGroup;
			children = (
				ED3DBD4AAF0EE6894A9D4F43 /* f58f6aedcbeacfb1cf398dbc5a31a53f58f89a */,
			);
			path = cc;
			sourceTree = "<group>";
		};
		E2AB7EF3C3163D374AE3C28D /* 2a */ = {
			isa = PBXGroup;
			children = (
				AE14D281DB7E3ED5568BDDF2 /* bb86037820983f035b323b416b5a08b5bbdc7c */,
			);
			path = 2a;
			sourceTree = "<group>";
		};
		E7DF26749203921B3180285C /* bd */ = {
			isa = PBXGroup;
			children = (
				6C5DE924A19D605EF48AAEEC /* d0470580faedf004ef73e4a282f1ea18a1cbd8 */,
			);
			path = bd;
			sourceTree = "<group>";
		};
		E908EA1B21CCACC2F4831372 /* DashboardFeature */ = {
			isa = PBXGroup;
			children = (
				C37787ECA64B53180693E9A8 /* AssetRowView.swift */,
				9354BD972E3C6464A304D796 /* DashboardViewModel.swift */,
			);
			path = DashboardFeature;
			sourceTree = "<group>";
		};
		EA51C2DFDFAF038DD18EB9B4 /* 66 */ = {
			isa = PBXGroup;
			children = (
				6C5AF2F0B5D17D66B809F0ED /* 28eff257f7e77dad43f614856d2f361608daee */,
			);
			path = 66;
			sourceTree = "<group>";
		};
		F2F9A82C8E00354B19CA516C /* 90 */ = {
			isa = PBXGroup;
			children = (
				52BEB06A7EACB035054D8C04 /* 5b042ad832aef33bf314d94da308f4c0f0e49a */,
			);
			path = 90;
			sourceTree = "<group>";
		};
		F49793C534354FA963AE18CA /* 8e */ = {
			isa = PBXGroup;
			children = (
				B41012C4841DF42B5E083AA8 /* ca4c9b7ae1d05dff9ba587deba16edacb9f6d3 */,
			);
			path = 8e;
			sourceTree = "<group>";
		};
		F8BEFB07C7A5B5534B2113C9 /* 9a */ = {
			isa = PBXGroup;
			children = (
				3E35DFF133314636506ACEE6 /* 0deb062442860212ba1e2238d2ed6caafcb999 */,
			);
			path = 9a;
			sourceTree = "<group>";
		};
/* End PBXGroup section */

/* Begin PBXNativeTarget section */
		58C45814753CFD3A46065B25 /* ArchWallet */ = {
			isa = PBXNativeTarget;
			buildConfigurationList = A9A7599289D4CB3F81AC59B1 /* Build configuration list for PBXNativeTarget "ArchWallet" */;
			buildPhases = (
				B9562E1E0309E776AA39A033 /* Sources */,
				792EA62545FAF400DD930958 /* Resources */,
			);
			buildRules = (
			);
			dependencies = (
			);
			name = ArchWallet;
			packageProductDependencies = (
			);
			productName = ArchWallet;
			productReference = F715DA1D92507CFDE4D05D07 /* ArchWallet.app */;
			productType = "com.apple.product-type.application";
		};
/* End PBXNativeTarget section */

/* Begin PBXProject section */
		7BEDFF8FFCA5E0E3000C4391 /* Project object */ = {
			isa = PBXProject;
			attributes = {
				BuildIndependentTargetsInParallel = YES;
				LastUpgradeCheck = 1430;
			};
			buildConfigurationList = 0361A3C16135A4429B65715D /* Build configuration list for PBXProject "ArchWallet" */;
			compatibilityVersion = "Xcode 14.0";
			developmentRegion = en;
			hasScannedForEncodings = 0;
			knownRegions = (
				Base,
				en,
			);
			mainGroup = D1F55F4549FBF53E8164C388;
			minimizedProjectReferenceProxies = 1;
			projectDirPath = "";
			projectReferences = (
				{
					ProductGroup = 3F3EFCAD2E4E8B7300DCD364 /* Products */;
					ProjectRef = BF753FA3ADBE6919E5161E08 /* ArchWallet.xcodeproj */;
				},
			);
			projectRoot = "";
			targets = (
				58C45814753CFD3A46065B25 /* ArchWallet */,
			);
		};
/* End PBXProject section */

/* Begin PBXResourcesBuildPhase section */
		792EA62545FAF400DD930958 /* Resources */ = {
			isa = PBXResourcesBuildPhase;
			buildActionMask = 2147483647;
			files = (
				AEC7AA62245A93C7747E9E87 /* ArchWallet.xcodeproj in Resources */,
				90FC77F53BC0113FED9A3B34 /* applypatch-msg.sample in Resources */,
				AA6367AE014F8AA86AEA9C0C /* commit-msg.sample in Resources */,
				418414A96E24BC70187C609F /* cursor_metadata.pb in Resources */,
				BB7A2519EAF4BC5AF8F279B1 /* fsmonitor-watchman.sample in Resources */,
				6CAED490844DD97C4A6317DA /* pack-c2125b7d5721b86026aac9404e3df120e03b3517.idx in Resources */,
				6AE033487D4717A19A81F34B /* pack-c2125b7d5721b86026aac9404e3df120e03b3517.pack in Resources */,
				2DF57C41FAEF1C51FBFA5371 /* post-update.sample in Resources */,
				546E7A1C6D18E14F8BDF52EE /* pre-applypatch.sample in Resources */,
				B523DE9718A4761D98C52B83 /* pre-commit.sample in Resources */,
				C7AE88B5382DBF94FD2A8BF1 /* pre-merge-commit.sample in Resources */,
				15526B41770CA1DD13828129 /* pre-push.sample in Resources */,
				7FB509A892755B6925E54C5F /* pre-rebase.sample in Resources */,
				001070A9F97F1AC1BF29B52D /* pre-receive.sample in Resources */,
				81FA8F68CBD58A668DA4A95F /* prepare-commit-msg.sample in Resources */,
				7DD10615871D57F86F6F2442 /* project.yml in Resources */,
				F8ACBBFFDF01562F3610440B /* push-to-checkout.sample in Resources */,
				8B3ABCD98063EA2AAD89FCBA /* update.sample in Resources */,
			);
			runOnlyForDeploymentPostprocessing = 0;
		};
/* End PBXResourcesBuildPhase section */

/* Begin PBXSourcesBuildPhase section */
		B9562E1E0309E776AA39A033 /* Sources */ = {
			isa = PBXSourcesBuildPhase;
			buildActionMask = 2147483647;
			files = (
				C2929D0E88E780221532D3E1 /* App.swift in Sources */,
				40C3DD8FEEC870F21C68D7AE /* AssetRowView.swift in Sources */,
				69C601261620FF317D3FF702 /* BuyView.swift in Sources */,
				7E42250A213CF68459C47198 /* CircleService.swift in Sources */,
				546299DC2C30335A5D1E6D4C /* DashboardView.swift in Sources */,
				55236A7EF46BDDF9874E5B27 /* DashboardViewModel.swift in Sources */,
				09F1B71D1F30AB34C36F2C2A /* MainTabView.swift in Sources */,
				1BCE6858CC1BCE2A8D5DE14C /* Models.swift in Sources */,
				141A0A54D7CF26FBFA7FFB12 /* NFTCardView.swift in Sources */,
				A70605DDD5866AC12834507B /* NFTCollectionView.swift in Sources */,
				3780D6EBC787963A1890DC80 /* NFTViewModel.swift in Sources */,
				E96A674F0F7B88EB69A8A4E0 /* ProfileView.swift in Sources */,
				02E18342DB74B15A130476B8 /* Theme.swift in Sources */,
			);
			runOnlyForDeploymentPostprocessing = 0;
		};
/* End PBXSourcesBuildPhase section */

/* Begin XCBuildConfiguration section */
		1F058D9164B6D426CFF2FFF8 /* Debug */ = {
			isa = XCBuildConfiguration;
			buildSettings = {
				ASSETCATALOG_COMPILER_APPICON_NAME = AppIcon;
				CODE_SIGN_IDENTITY = "iPhone Developer";
				CURRENT_PROJECT_VERSION = 1;
				GENERATE_INFOPLIST_FILE = YES;
				INFOPLIST_KEY_UILaunchScreen_Generation = YES;
				INFOPLIST_KEY_UISupportedInterfaceOrientations_iPad = "UIInterfaceOrientationPortrait UIInterfaceOrientationPortraitUpsideDown UIInterfaceOrientationLandscapeLeft UIInterfaceOrientationLandscapeRight";
				INFOPLIST_KEY_UISupportedInterfaceOrientations_iPhone = "UIInterfaceOrientationPortrait UIInterfaceOrientationLandscapeLeft UIInterfaceOrientationLandscapeRight";
				IPHONEOS_DEPLOYMENT_TARGET = 16.0;
				LD_RUNPATH_SEARCH_PATHS = (
					"$(inherited)",
					"@executable_path/Frameworks",
				);
				MARKETING_VERSION = 1.0;
				PRODUCT_BUNDLE_IDENTIFIER = com.archwallet.app;
				SDKROOT = iphoneos;
				TARGETED_DEVICE_FAMILY = "1,2";
			};
			name = Debug;
		};
		27D3CE8625F5D40F2ED47134 /* Release */ = {
			isa = XCBuildConfiguration;
			buildSettings = {
				ALWAYS_SEARCH_USER_PATHS = NO;
				CLANG_ANALYZER_NONNULL = YES;
				CLANG_ANALYZER_NUMBER_OBJECT_CONVERSION = YES_AGGRESSIVE;
				CLANG_CXX_LANGUAGE_STANDARD = "gnu++14";
				CLANG_CXX_LIBRARY = "libc++";
				CLANG_ENABLE_MODULES = YES;
				CLANG_ENABLE_OBJC_ARC = YES;
				CLANG_ENABLE_OBJC_WEAK = YES;
				CLANG_WARN_BLOCK_CAPTURE_AUTORELEASING = YES;
				CLANG_WARN_BOOL_CONVERSION = YES;
				CLANG_WARN_COMMA = YES;
				CLANG_WARN_CONSTANT_CONVERSION = YES;
				CLANG_WARN_DEPRECATED_OBJC_IMPLEMENTATIONS = YES;
				CLANG_WARN_DIRECT_OBJC_ISA_USAGE = YES_ERROR;
				CLANG_WARN_DOCUMENTATION_COMMENTS = YES;
				CLANG_WARN_EMPTY_BODY = YES;
				CLANG_WARN_ENUM_CONVERSION = YES;
				CLANG_WARN_INFINITE_RECURSION = YES;
				CLANG_WARN_INT_CONVERSION = YES;
				CLANG_WARN_NON_LITERAL_NULL_CONVERSION = YES;
				CLANG_WARN_OBJC_IMPLICIT_RETAIN_SELF = YES;
				CLANG_WARN_OBJC_LITERAL_CONVERSION = YES;
				CLANG_WARN_OBJC_ROOT_CLASS = YES_ERROR;
				CLANG_WARN_QUOTED_INCLUDE_IN_FRAMEWORK_HEADER = YES;
				CLANG_WARN_RANGE_LOOP_ANALYSIS = YES;
				CLANG_WARN_STRICT_PROTOTYPES = YES;
				CLANG_WARN_SUSPICIOUS_MOVE = YES;
				CLANG_WARN_UNGUARDED_AVAILABILITY = YES_AGGRESSIVE;
				CLANG_WARN_UNREACHABLE_CODE = YES;
				CLANG_WARN__DUPLICATE_METHOD_MATCH = YES;
				COPY_PHASE_STRIP = NO;
				DEBUG_INFORMATION_FORMAT = "dwarf-with-dsym";
				ENABLE_NS_ASSERTIONS = NO;
				ENABLE_STRICT_OBJC_MSGSEND = YES;
				GCC_C_LANGUAGE_STANDARD = gnu11;
				GCC_NO_COMMON_BLOCKS = YES;
				GCC_WARN_64_TO_32_BIT_CONVERSION = YES;
				GCC_WARN_ABOUT_RETURN_TYPE = YES_ERROR;
				GCC_WARN_UNDECLARED_SELECTOR = YES;
				GCC_WARN_UNINITIALIZED_AUTOS = YES_AGGRESSIVE;
				GCC_WARN_UNUSED_FUNCTION = YES;
				GCC_WARN_UNUSED_VARIABLE = YES;
				MTL_ENABLE_DEBUG_INFO = NO;
				MTL_FAST_MATH = YES;
				PRODUCT_NAME = "$(TARGET_NAME)";
				SDKROOT = iphoneos;
				SWIFT_COMPILATION_MODE = wholemodule;
				SWIFT_OPTIMIZATION_LEVEL = "-O";
				SWIFT_VERSION = 5.0;
			};
			name = Release;
		};
		B109769A953894982CF5DC93 /* Release */ = {
			isa = XCBuildConfiguration;
			buildSettings = {
				ASSETCATALOG_COMPILER_APPICON_NAME = AppIcon;
				CODE_SIGN_IDENTITY = "iPhone Developer";
				CURRENT_PROJECT_VERSION = 1;
				GENERATE_INFOPLIST_FILE = YES;
				INFOPLIST_KEY_UILaunchScreen_Generation = YES;
				INFOPLIST_KEY_UISupportedInterfaceOrientations_iPad = "UIInterfaceOrientationPortrait UIInterfaceOrientationPortraitUpsideDown UIInterfaceOrientationLandscapeLeft UIInterfaceOrientationLandscapeRight";
				INFOPLIST_KEY_UISupportedInterfaceOrientations_iPhone = "UIInterfaceOrientationPortrait UIInterfaceOrientationLandscapeLeft UIInterfaceOrientationLandscapeRight";
				IPHONEOS_DEPLOYMENT_TARGET = 16.0;
				LD_RUNPATH_SEARCH_PATHS = (
					"$(inherited)",
					"@executable_path/Frameworks",
				);
				MARKETING_VERSION = 1.0;
				PRODUCT_BUNDLE_IDENTIFIER = com.archwallet.app;
				SDKROOT = iphoneos;
				TARGETED_DEVICE_FAMILY = "1,2";
			};
			name = Release;
		};
		DDA854C55F609E14D689D1DC /* Debug */ = {
			isa = XCBuildConfiguration;
			buildSettings = {
				ALWAYS_SEARCH_USER_PATHS = NO;
				CLANG_ANALYZER_NONNULL = YES;
				CLANG_ANALYZER_NUMBER_OBJECT_CONVERSION = YES_AGGRESSIVE;
				CLANG_CXX_LANGUAGE_STANDARD = "gnu++14";
				CLANG_CXX_LIBRARY = "libc++";
				CLANG_ENABLE_MODULES = YES;
				CLANG_ENABLE_OBJC_ARC = YES;
				CLANG_ENABLE_OBJC_WEAK = YES;
				CLANG_WARN_BLOCK_CAPTURE_AUTORELEASING = YES;
				CLANG_WARN_BOOL_CONVERSION = YES;
				CLANG_WARN_COMMA = YES;
				CLANG_WARN_CONSTANT_CONVERSION = YES;
				CLANG_WARN_DEPRECATED_OBJC_IMPLEMENTATIONS = YES;
				CLANG_WARN_DIRECT_OBJC_ISA_USAGE = YES_ERROR;
				CLANG_WARN_DOCUMENTATION_COMMENTS = YES;
				CLANG_WARN_EMPTY_BODY = YES;
				CLANG_WARN_ENUM_CONVERSION = YES;
				CLANG_WARN_INFINITE_RECURSION = YES;
				CLANG_WARN_INT_CONVERSION = YES;
				CLANG_WARN_NON_LITERAL_NULL_CONVERSION = YES;
				CLANG_WARN_OBJC_IMPLICIT_RETAIN_SELF = YES;
				CLANG_WARN_OBJC_LITERAL_CONVERSION = YES;
				CLANG_WARN_OBJC_ROOT_CLASS = YES_ERROR;
				CLANG_WARN_QUOTED_INCLUDE_IN_FRAMEWORK_HEADER = YES;
				CLANG_WARN_RANGE_LOOP_ANALYSIS = YES;
				CLANG_WARN_STRICT_PROTOTYPES = YES;
				CLANG_WARN_SUSPICIOUS_MOVE = YES;
				CLANG_WARN_UNGUARDED_AVAILABILITY = YES_AGGRESSIVE;
				CLANG_WARN_UNREACHABLE_CODE = YES;
				CLANG_WARN__DUPLICATE_METHOD_MATCH = YES;
				COPY_PHASE_STRIP = NO;
				DEBUG_INFORMATION_FORMAT = dwarf;
				ENABLE_STRICT_OBJC_MSGSEND = YES;
				ENABLE_TESTABILITY = YES;
				GCC_C_LANGUAGE_STANDARD = gnu11;
				GCC_DYNAMIC_NO_PIC = NO;
				GCC_NO_COMMON_BLOCKS = YES;
				GCC_OPTIMIZATION_LEVEL = 0;
				GCC_PREPROCESSOR_DEFINITIONS = (
					"$(inherited)",
					"DEBUG=1",
				);
				GCC_WARN_64_TO_32_BIT_CONVERSION = YES;
				GCC_WARN_ABOUT_RETURN_TYPE = YES_ERROR;
				GCC_WARN_UNDECLARED_SELECTOR = YES;
				GCC_WARN_UNINITIALIZED_AUTOS = YES_AGGRESSIVE;
				GCC_WARN_UNUSED_FUNCTION = YES;
				GCC_WARN_UNUSED_VARIABLE = YES;
				MTL_ENABLE_DEBUG_INFO = INCLUDE_SOURCE;
				MTL_FAST_MATH = YES;
				ONLY_ACTIVE_ARCH = YES;
				PRODUCT_NAME = "$(TARGET_NAME)";
				SDKROOT = iphoneos;
				SWIFT_ACTIVE_COMPILATION_CONDITIONS = DEBUG;
				SWIFT_OPTIMIZATION_LEVEL = "-Onone";
				SWIFT_VERSION = 5.0;
			};
			name = Debug;
		};
/* End XCBuildConfiguration section */

/* Begin XCConfigurationList section */
		0361A3C16135A4429B65715D /* Build configuration list for PBXProject "ArchWallet" */ = {
			isa = XCConfigurationList;
			buildConfigurations = (
				DDA854C55F609E14D689D1DC /* Debug */,
				27D3CE8625F5D40F2ED47134 /* Release */,
			);
			defaultConfigurationIsVisible = 0;
			defaultConfigurationName = Debug;
		};
		A9A7599289D4CB3F81AC59B1 /* Build configuration list for PBXNativeTarget "ArchWallet" */ = {
			isa = XCConfigurationList;
			buildConfigurations = (
				1F058D9164B6D426CFF2FFF8 /* Debug */,
				B109769A953894982CF5DC93 /* Release */,
			);
			defaultConfigurationIsVisible = 0;
			defaultConfigurationName = Debug;
		};
/* End XCConfigurationList section */
	};
	rootObject = 7BEDFF8FFCA5E0E3000C4391 /* Project object */;
}
